
Microsoft Visual Studio Solution File, Format Version 12.00
# Visual Studio Version 16
VisualStudioVersion = 16.0.29609.76
MinimumVisualStudioVersion = 10.0.40219.1
Project("{FAE04EC0-301F-11D3-BF4B-00C04F79EFBC}") = "KD_Strukturos_1", "KD_Strukturos_1\KD_Strukturos_1.csproj", "{8F5A3E9E-CAEB-4147-834C-FFBC20E5B623}"
EndProject
Global
	GlobalSection(SolutionConfigurationPlatforms) = preSolution
		Debug|Any CPU = Debug|Any CPU
		Release|Any CPU = Release|Any CPU
	EndGlobalSection
	GlobalSection(ProjectConfigurationPlatforms) = postSolution
		{8F5A3E9E-CAEB-4147-834C-FFBC20E5B623}.Debug|Any CPU.ActiveCfg = Debug|Any CPU
		{8F5A3E9E-CAEB-4147-834C-FFBC20E5B623}.Debug|Any CPU.Build.0 = Debug|Any CPU
		{8F5A3E9E-CAEB-4147-834C-FFBC20E5B623}.Release|Any CPU.ActiveCfg = Release|Any CPU
		{8F5A3E9E-CAEB-4147-834C-FFBC20E5B623}.Release|Any CPU.Build.0 = Release|Any CPU
	EndGlobalSection
	GlobalSection(SolutionProperties) = preSolution
		HideSolutionNode = FALSE
	EndGlobalSection
	GlobalSection(ExtensibilityGlobals) = postSolution
		SolutionGuid = {2D5036B7-C675-4372-81AE-66B2AC458272}
	EndGlobalSection
EndGlobal
