
Microsoft Visual Studio Solution File, Format Version 12.00
# Visual Studio Version 16
VisualStudioVersion = 16.0.29609.76
MinimumVisualStudioVersion = 10.0.40219.1
Project("{FAE04EC0-301F-11D3-BF4B-00C04F79EFBC}") = "ND_Unittestas_2", "ND_Unittestas_2\ND_Unittestas_2.csproj", "{07A462DA-0973-4238-86EA-37B0E4832DE4}"
EndProject
Project("{FAE04EC0-301F-11D3-BF4B-00C04F79EFBC}") = "ND_Unittestas_2.test", "ND_Unittestas_2.test\ND_Unittestas_2.test.csproj", "{3AA1DF4A-A1FC-4C48-AA7A-B83F1E5C3C1C}"
EndProject
Global
	GlobalSection(SolutionConfigurationPlatforms) = preSolution
		Debug|Any CPU = Debug|Any CPU
		Release|Any CPU = Release|Any CPU
	EndGlobalSection
	GlobalSection(ProjectConfigurationPlatforms) = postSolution
		{07A462DA-0973-4238-86EA-37B0E4832DE4}.Debug|Any CPU.ActiveCfg = Debug|Any CPU
		{07A462DA-0973-4238-86EA-37B0E4832DE4}.Debug|Any CPU.Build.0 = Debug|Any CPU
		{07A462DA-0973-4238-86EA-37B0E4832DE4}.Release|Any CPU.ActiveCfg = Release|Any CPU
		{07A462DA-0973-4238-86EA-37B0E4832DE4}.Release|Any CPU.Build.0 = Release|Any CPU
		{3AA1DF4A-A1FC-4C48-AA7A-B83F1E5C3C1C}.Debug|Any CPU.ActiveCfg = Debug|Any CPU
		{3AA1DF4A-A1FC-4C48-AA7A-B83F1E5C3C1C}.Debug|Any CPU.Build.0 = Debug|Any CPU
		{3AA1DF4A-A1FC-4C48-AA7A-B83F1E5C3C1C}.Release|Any CPU.ActiveCfg = Release|Any CPU
		{3AA1DF4A-A1FC-4C48-AA7A-B83F1E5C3C1C}.Release|Any CPU.Build.0 = Release|Any CPU
	EndGlobalSection
	GlobalSection(SolutionProperties) = preSolution
		HideSolutionNode = FALSE
	EndGlobalSection
	GlobalSection(ExtensibilityGlobals) = postSolution
		SolutionGuid = {B8183B79-21F9-4D96-9830-7BC8F155931A}
	EndGlobalSection
EndGlobal
