
Microsoft Visual Studio Solution File, Format Version 12.00
# Visual Studio Version 16
VisualStudioVersion = 16.0.29609.76
MinimumVisualStudioVersion = 10.0.40219.1
Project("{FAE04EC0-301F-11D3-BF4B-00C04F79EFBC}") = "ND_Strukturos_Advanced_1", "ND_Strukturos_Advanced_1\ND_Strukturos_Advanced_1.csproj", "{E113FC9A-7D6F-47E3-B285-B3AE87649D40}"
EndProject
Global
	GlobalSection(SolutionConfigurationPlatforms) = preSolution
		Debug|Any CPU = Debug|Any CPU
		Release|Any CPU = Release|Any CPU
	EndGlobalSection
	GlobalSection(ProjectConfigurationPlatforms) = postSolution
		{E113FC9A-7D6F-47E3-B285-B3AE87649D40}.Debug|Any CPU.ActiveCfg = Debug|Any CPU
		{E113FC9A-7D6F-47E3-B285-B3AE87649D40}.Debug|Any CPU.Build.0 = Debug|Any CPU
		{E113FC9A-7D6F-47E3-B285-B3AE87649D40}.Release|Any CPU.ActiveCfg = Release|Any CPU
		{E113FC9A-7D6F-47E3-B285-B3AE87649D40}.Release|Any CPU.Build.0 = Release|Any CPU
	EndGlobalSection
	GlobalSection(SolutionProperties) = preSolution
		HideSolutionNode = FALSE
	EndGlobalSection
	GlobalSection(ExtensibilityGlobals) = postSolution
		SolutionGuid = {19C7C270-EBA4-485D-9795-A2DA8137BD85}
	EndGlobalSection
EndGlobal
