
Microsoft Visual Studio Solution File, Format Version 12.00
# Visual Studio Version 16
VisualStudioVersion = 16.0.29609.76
MinimumVisualStudioVersion = 10.0.40219.1
Project("{FAE04EC0-301F-11D3-BF4B-00C04F79EFBC}") = "ND_Strukturos_Advanced_4", "ND_Strukturos_Advanced_4\ND_Strukturos_Advanced_4.csproj", "{86DDCFFD-E350-440F-A791-659FD27930C5}"
EndProject
Global
	GlobalSection(SolutionConfigurationPlatforms) = preSolution
		Debug|Any CPU = Debug|Any CPU
		Release|Any CPU = Release|Any CPU
	EndGlobalSection
	GlobalSection(ProjectConfigurationPlatforms) = postSolution
		{86DDCFFD-E350-440F-A791-659FD27930C5}.Debug|Any CPU.ActiveCfg = Debug|Any CPU
		{86DDCFFD-E350-440F-A791-659FD27930C5}.Debug|Any CPU.Build.0 = Debug|Any CPU
		{86DDCFFD-E350-440F-A791-659FD27930C5}.Release|Any CPU.ActiveCfg = Release|Any CPU
		{86DDCFFD-E350-440F-A791-659FD27930C5}.Release|Any CPU.Build.0 = Release|Any CPU
	EndGlobalSection
	GlobalSection(SolutionProperties) = preSolution
		HideSolutionNode = FALSE
	EndGlobalSection
	GlobalSection(ExtensibilityGlobals) = postSolution
		SolutionGuid = {11269656-2497-4F0D-A8F0-697F7ACB3CDA}
	EndGlobalSection
EndGlobal
