
Microsoft Visual Studio Solution File, Format Version 12.00
# Visual Studio Version 16
VisualStudioVersion = 16.0.29609.76
MinimumVisualStudioVersion = 10.0.40219.1
Project("{FAE04EC0-301F-11D3-BF4B-00C04F79EFBC}") = "ND_Strukturos_Advanced_3", "ND_Strukturos_Advanced_3\ND_Strukturos_Advanced_3.csproj", "{DF44800A-D9E6-40D5-B048-CFDD6A9D086F}"
EndProject
Global
	GlobalSection(SolutionConfigurationPlatforms) = preSolution
		Debug|Any CPU = Debug|Any CPU
		Release|Any CPU = Release|Any CPU
	EndGlobalSection
	GlobalSection(ProjectConfigurationPlatforms) = postSolution
		{DF44800A-D9E6-40D5-B048-CFDD6A9D086F}.Debug|Any CPU.ActiveCfg = Debug|Any CPU
		{DF44800A-D9E6-40D5-B048-CFDD6A9D086F}.Debug|Any CPU.Build.0 = Debug|Any CPU
		{DF44800A-D9E6-40D5-B048-CFDD6A9D086F}.Release|Any CPU.ActiveCfg = Release|Any CPU
		{DF44800A-D9E6-40D5-B048-CFDD6A9D086F}.Release|Any CPU.Build.0 = Release|Any CPU
	EndGlobalSection
	GlobalSection(SolutionProperties) = preSolution
		HideSolutionNode = FALSE
	EndGlobalSection
	GlobalSection(ExtensibilityGlobals) = postSolution
		SolutionGuid = {8A2F6E0C-40DD-45C0-9787-55EC03F3D953}
	EndGlobalSection
EndGlobal
