
Microsoft Visual Studio Solution File, Format Version 12.00
# Visual Studio Version 16
VisualStudioVersion = 16.0.29609.76
MinimumVisualStudioVersion = 10.0.40219.1
Project("{FAE04EC0-301F-11D3-BF4B-00C04F79EFBC}") = "ND_Unittestas_3", "ND_Unittestas_3\ND_Unittestas_3.csproj", "{B036C376-D5DA-4A77-B3B8-E0C0A408410B}"
EndProject
Project("{FAE04EC0-301F-11D3-BF4B-00C04F79EFBC}") = "ND_Unittestas_3.test", "ND_Unittestas_3.test\ND_Unittestas_3.test.csproj", "{A424C120-7EC1-42CE-A8D1-12E4EE15AF96}"
EndProject
Global
	GlobalSection(SolutionConfigurationPlatforms) = preSolution
		Debug|Any CPU = Debug|Any CPU
		Release|Any CPU = Release|Any CPU
	EndGlobalSection
	GlobalSection(ProjectConfigurationPlatforms) = postSolution
		{B036C376-D5DA-4A77-B3B8-E0C0A408410B}.Debug|Any CPU.ActiveCfg = Debug|Any CPU
		{B036C376-D5DA-4A77-B3B8-E0C0A408410B}.Debug|Any CPU.Build.0 = Debug|Any CPU
		{B036C376-D5DA-4A77-B3B8-E0C0A408410B}.Release|Any CPU.ActiveCfg = Release|Any CPU
		{B036C376-D5DA-4A77-B3B8-E0C0A408410B}.Release|Any CPU.Build.0 = Release|Any CPU
		{A424C120-7EC1-42CE-A8D1-12E4EE15AF96}.Debug|Any CPU.ActiveCfg = Debug|Any CPU
		{A424C120-7EC1-42CE-A8D1-12E4EE15AF96}.Debug|Any CPU.Build.0 = Debug|Any CPU
		{A424C120-7EC1-42CE-A8D1-12E4EE15AF96}.Release|Any CPU.ActiveCfg = Release|Any CPU
		{A424C120-7EC1-42CE-A8D1-12E4EE15AF96}.Release|Any CPU.Build.0 = Release|Any CPU
	EndGlobalSection
	GlobalSection(SolutionProperties) = preSolution
		HideSolutionNode = FALSE
	EndGlobalSection
	GlobalSection(ExtensibilityGlobals) = postSolution
		SolutionGuid = {84639125-B16D-41CA-B435-2B3AB7972FC3}
	EndGlobalSection
EndGlobal
